
Microsoft Visual Studio Solution File, Format Version 12.00
Project("{FAE04EC0-301F-11D3-BF4B-00C04F79EFBC}") = "QaTask.Host", "QaTask.Host\QaTask.Host.csproj", "{833E0492-BF8E-4A6E-A257-32DB7432D11E}"
EndProject
Global
	GlobalSection(SolutionConfigurationPlatforms) = preSolution
		Debug|Any CPU = Debug|Any CPU
		Release|Any CPU = Release|Any CPU
	EndGlobalSection
	GlobalSection(ProjectConfigurationPlatforms) = postSolution
		{833E0492-BF8E-4A6E-A257-32DB7432D11E}.Debug|Any CPU.ActiveCfg = Debug|Any CPU
		{833E0492-BF8E-4A6E-A257-32DB7432D11E}.Debug|Any CPU.Build.0 = Debug|Any CPU
		{833E0492-BF8E-4A6E-A257-32DB7432D11E}.Release|Any CPU.ActiveCfg = Release|Any CPU
		{833E0492-BF8E-4A6E-A257-32DB7432D11E}.Release|Any CPU.Build.0 = Release|Any CPU
	EndGlobalSection
EndGlobal
